
Microsoft Visual Studio Solution File, Format Version 12.00
# Visual Studio Version 17
VisualStudioVersion = 17.4.33213.308
MinimumVisualStudioVersion = 10.0.40219.1
Project("{FAE04EC0-301F-11D3-BF4B-00C04F79EFBC}") = "reto_couplers", "reto_couplers.csproj", "{A36026F3-48EA-4FF8-A2D7-04C57B3C50CC}"
EndProject
Global
	GlobalSection(SolutionConfigurationPlatforms) = preSolution
		Debug|Any CPU = Debug|Any CPU
		Release|Any CPU = Release|Any CPU
	EndGlobalSection
	GlobalSection(ProjectConfigurationPlatforms) = postSolution
		{A36026F3-48EA-4FF8-A2D7-04C57B3C50CC}.Debug|Any CPU.ActiveCfg = Debug|Any CPU
		{A36026F3-48EA-4FF8-A2D7-04C57B3C50CC}.Debug|Any CPU.Build.0 = Debug|Any CPU
		{A36026F3-48EA-4FF8-A2D7-04C57B3C50CC}.Release|Any CPU.ActiveCfg = Release|Any CPU
		{A36026F3-48EA-4FF8-A2D7-04C57B3C50CC}.Release|Any CPU.Build.0 = Release|Any CPU
	EndGlobalSection
	GlobalSection(SolutionProperties) = preSolution
		HideSolutionNode = FALSE
	EndGlobalSection
	GlobalSection(ExtensibilityGlobals) = postSolution
		SolutionGuid = {B3ACAA06-2506-4D44-BA92-02B5E6E1E08B}
	EndGlobalSection
EndGlobal
